// !$*UTF8*$!
{
	archiveVersion = 1;
	classes = {
	};
	objectVersion = 52;
	objects = {

/* Begin PBXBuildFile section */
		543BC7942680C56300245E95 /* FileStoreService.swift in Sources */ = {isa = PBXBuildFile; fileRef = 543BC7932680C56300245E95 /* FileStoreService.swift */; };
		543BC795268107ED00245E95 /* FileStoreService.swift in Sources */ = {isa = PBXBuildFile; fileRef = 543BC7932680C56300245E95 /* FileStoreService.swift */; };
		5446C250268051BE00447755 /* FlatLibApp.swift in Sources */ = {isa = PBXBuildFile; fileRef = 5446C23D268051BD00447755 /* FlatLibApp.swift */; };
		5446C251268051BE00447755 /* FlatLibApp.swift in Sources */ = {isa = PBXBuildFile; fileRef = 5446C23D268051BD00447755 /* FlatLibApp.swift */; };
		5446C252268051BE00447755 /* ContentView.swift in Sources */ = {isa = PBXBuildFile; fileRef = 5446C23E268051BD00447755 /* ContentView.swift */; };
		5446C253268051BE00447755 /* ContentView.swift in Sources */ = {isa = PBXBuildFile; fileRef = 5446C23E268051BD00447755 /* ContentView.swift */; };
		5446C254268051BE00447755 /* Assets.xcassets in Resources */ = {isa = PBXBuildFile; fileRef = 5446C23F268051BE00447755 /* Assets.xcassets */; };
		5446C255268051BE00447755 /* Assets.xcassets in Resources */ = {isa = PBXBuildFile; fileRef = 5446C23F268051BE00447755 /* Assets.xcassets */; };
		5446C2602680527E00447755 /* ContentLogic.swift in Sources */ = {isa = PBXBuildFile; fileRef = 5446C25F2680527E00447755 /* ContentLogic.swift */; };
		5446C2612680527E00447755 /* ContentLogic.swift in Sources */ = {isa = PBXBuildFile; fileRef = 5446C25F2680527E00447755 /* ContentLogic.swift */; };
		5446C264268052F900447755 /* FlatLibClient in Frameworks */ = {isa = PBXBuildFile; productRef = 5446C263268052F900447755 /* FlatLibClient */; };
		5446C266268053DC00447755 /* FlatLibClient in Frameworks */ = {isa = PBXBuildFile; productRef = 5446C265268053DC00447755 /* FlatLibClient */; };
/* End PBXBuildFile section */

/* Begin PBXFileReference section */
		543BC7932680C56300245E95 /* FileStoreService.swift */ = {isa = PBXFileReference; lastKnownFileType = sourcecode.swift; path = FileStoreService.swift; sourceTree = "<group>"; };
		5446C23D268051BD00447755 /* FlatLibApp.swift */ = {isa = PBXFileReference; lastKnownFileType = sourcecode.swift; path = FlatLibApp.swift; sourceTree = "<group>"; };
		5446C23E268051BD00447755 /* ContentView.swift */ = {isa = PBXFileReference; lastKnownFileType = sourcecode.swift; path = ContentView.swift; sourceTree = "<group>"; };
		5446C23F268051BE00447755 /* Assets.xcassets */ = {isa = PBXFileReference; lastKnownFileType = folder.assetcatalog; path = Assets.xcassets; sourceTree = "<group>"; };
		5446C244268051BE00447755 /* FlatLibApp.app */ = {isa = PBXFileReference; explicitFileType = wrapper.application; includeInIndex = 0; path = FlatLibApp.app; sourceTree = BUILT_PRODUCTS_DIR; };
		5446C247268051BE00447755 /* Info.plist */ = {isa = PBXFileReference; lastKnownFileType = text.plist.xml; path = Info.plist; sourceTree = "<group>"; };
		5446C24C268051BE00447755 /* FlatLibApp.app */ = {isa = PBXFileReference; explicitFileType = wrapper.application; includeInIndex = 0; path = FlatLibApp.app; sourceTree = BUILT_PRODUCTS_DIR; };
		5446C24E268051BE00447755 /* Info.plist */ = {isa = PBXFileReference; lastKnownFileType = text.plist.xml; path = Info.plist; sourceTree = "<group>"; };
		5446C24F268051BE00447755 /* macOS.entitlements */ = {isa = PBXFileReference; lastKnownFileType = text.plist.entitlements; path = macOS.entitlements; sourceTree = "<group>"; };
		5446C25E2680522300447755 /* FlatLibClient */ = {isa = PBXFileReference; lastKnownFileType = folder; name = FlatLibClient; path = ../FlatLibClient; sourceTree = "<group>"; };
		5446C25F2680527E00447755 /* ContentLogic.swift */ = {isa = PBXFileReference; lastKnownFileType = sourcecode.swift; path = ContentLogic.swift; sourceTree = "<group>"; };
/* End PBXFileReference section */

/* Begin PBXFrameworksBuildPhase section */
		5446C241268051BE00447755 /* Frameworks */ = {
			isa = PBXFrameworksBuildPhase;
			buildActionMask = 2147483647;
			files = (
				5446C264268052F900447755 /* FlatLibClient in Frameworks */,
			);
			runOnlyForDeploymentPostprocessing = 0;
		};
		5446C249268051BE00447755 /* Frameworks */ = {
			isa = PBXFrameworksBuildPhase;
			buildActionMask = 2147483647;
			files = (
				5446C266268053DC00447755 /* FlatLibClient in Frameworks */,
			);
			runOnlyForDeploymentPostprocessing = 0;
		};
/* End PBXFrameworksBuildPhase section */

/* Begin PBXGroup section */
		543BC7922680C53E00245E95 /* Client */ = {
			isa = PBXGroup;
			children = (
				543BC7932680C56300245E95 /* FileStoreService.swift */,
			);
			path = Client;
			sourceTree = "<group>";
		};
		5446C237268051BD00447755 = {
			isa = PBXGroup;
			children = (
				5446C25E2680522300447755 /* FlatLibClient */,
				5446C23C268051BD00447755 /* Shared */,
				5446C246268051BE00447755 /* iOS */,
				5446C24D268051BE00447755 /* macOS */,
				5446C245268051BE00447755 /* Products */,
				5446C262268052F900447755 /* Frameworks */,
			);
			sourceTree = "<group>";
		};
		5446C23C268051BD00447755 /* Shared */ = {
			isa = PBXGroup;
			children = (
				543BC7922680C53E00245E95 /* Client */,
				5446C23D268051BD00447755 /* FlatLibApp.swift */,
				5446C23E268051BD00447755 /* ContentView.swift */,
				5446C23F268051BE00447755 /* Assets.xcassets */,
				5446C25F2680527E00447755 /* ContentLogic.swift */,
			);
			path = Shared;
			sourceTree = "<group>";
		};
		5446C245268051BE00447755 /* Products */ = {
			isa = PBXGroup;
			children = (
				5446C244268051BE00447755 /* FlatLibApp.app */,
				5446C24C268051BE00447755 /* FlatLibApp.app */,
			);
			name = Products;
			sourceTree = "<group>";
		};
		5446C246268051BE00447755 /* iOS */ = {
			isa = PBXGroup;
			children = (
				5446C247268051BE00447755 /* Info.plist */,
			);
			path = iOS;
			sourceTree = "<group>";
		};
		5446C24D268051BE00447755 /* macOS */ = {
			isa = PBXGroup;
			children = (
				5446C24E268051BE00447755 /* Info.plist */,
				5446C24F268051BE00447755 /* macOS.entitlements */,
			);
			path = macOS;
			sourceTree = "<group>";
		};
		5446C262268052F900447755 /* Frameworks */ = {
			isa = PBXGroup;
			children = (
			);
			name = Frameworks;
			sourceTree = "<group>";
		};
/* End PBXGroup section */

/* Begin PBXNativeTarget section */
		5446C243268051BE00447755 /* FlatLibApp (iOS) */ = {
			isa = PBXNativeTarget;
			buildConfigurationList = 5446C258268051BE00447755 /* Build configuration list for PBXNativeTarget "FlatLibApp (iOS)" */;
			buildPhases = (
				5446C240268051BE00447755 /* Sources */,
				5446C241268051BE00447755 /* Frameworks */,
				5446C242268051BE00447755 /* Resources */,
			);
			buildRules = (
			);
			dependencies = (
			);
			name = "FlatLibApp (iOS)";
			packageProductDependencies = (
				5446C263268052F900447755 /* FlatLibClient */,
			);
			productName = "FlatLibApp (iOS)";
			productReference = 5446C244268051BE00447755 /* FlatLibApp.app */;
			productType = "com.apple.product-type.application";
		};
		5446C24B268051BE00447755 /* FlatLibApp (macOS) */ = {
			isa = PBXNativeTarget;
			buildConfigurationList = 5446C25B268051BE00447755 /* Build configuration list for PBXNativeTarget "FlatLibApp (macOS)" */;
			buildPhases = (
				5446C248268051BE00447755 /* Sources */,
				5446C249268051BE00447755 /* Frameworks */,
				5446C24A268051BE00447755 /* Resources */,
			);
			buildRules = (
			);
			dependencies = (
			);
			name = "FlatLibApp (macOS)";
			packageProductDependencies = (
				5446C265268053DC00447755 /* FlatLibClient */,
			);
			productName = "FlatLibApp (macOS)";
			productReference = 5446C24C268051BE00447755 /* FlatLibApp.app */;
			productType = "com.apple.product-type.application";
		};
/* End PBXNativeTarget section */

/* Begin PBXProject section */
		5446C238268051BD00447755 /* Project object */ = {
			isa = PBXProject;
			attributes = {
				LastSwiftUpdateCheck = 1250;
				LastUpgradeCheck = 1250;
				TargetAttributes = {
					5446C243268051BE00447755 = {
						CreatedOnToolsVersion = 12.5;
					};
					5446C24B268051BE00447755 = {
						CreatedOnToolsVersion = 12.5;
					};
				};
			};
			buildConfigurationList = 5446C23B268051BD00447755 /* Build configuration list for PBXProject "FlatLibApp" */;
			compatibilityVersion = "Xcode 9.3";
			developmentRegion = en;
			hasScannedForEncodings = 0;
			knownRegions = (
				en,
				Base,
			);
			mainGroup = 5446C237268051BD00447755;
			productRefGroup = 5446C245268051BE00447755 /* Products */;
			projectDirPath = "";
			projectRoot = "";
			targets = (
				5446C243268051BE00447755 /* FlatLibApp (iOS) */,
				5446C24B268051BE00447755 /* FlatLibApp (macOS) */,
			);
		};
/* End PBXProject section */

/* Begin PBXResourcesBuildPhase section */
		5446C242268051BE00447755 /* Resources */ = {
			isa = PBXResourcesBuildPhase;
			buildActionMask = 2147483647;
			files = (
				5446C254268051BE00447755 /* Assets.xcassets in Resources */,
			);
			runOnlyForDeploymentPostprocessing = 0;
		};
		5446C24A268051BE00447755 /* Resources */ = {
			isa = PBXResourcesBuildPhase;
			buildActionMask = 2147483647;
			files = (
				5446C255268051BE00447755 /* Assets.xcassets in Resources */,
			);
			runOnlyForDeploymentPostprocessing = 0;
		};
/* End PBXResourcesBuildPhase section */

/* Begin PBXSourcesBuildPhase section */
		5446C240268051BE00447755 /* Sources */ = {
			isa = PBXSourcesBuildPhase;
			buildActionMask = 2147483647;
			files = (
				5446C2602680527E00447755 /* ContentLogic.swift in Sources */,
				5446C252268051BE00447755 /* ContentView.swift in Sources */,
				5446C250268051BE00447755 /* FlatLibApp.swift in Sources */,
				543BC7942680C56300245E95 /* FileStoreService.swift in Sources */,
			);
			runOnlyForDeploymentPostprocessing = 0;
		};
		5446C248268051BE00447755 /* Sources */ = {
			isa = PBXSourcesBuildPhase;
			buildActionMask = 2147483647;
			files = (
				5446C2612680527E00447755 /* ContentLogic.swift in Sources */,
				5446C253268051BE00447755 /* ContentView.swift in Sources */,
				5446C251268051BE00447755 /* FlatLibApp.swift in Sources */,
				543BC795268107ED00245E95 /* FileStoreService.swift in Sources */,
			);
			runOnlyForDeploymentPostprocessing = 0;
		};
/* End PBXSourcesBuildPhase section */

/* Begin XCBuildConfiguration section */
		5446C256268051BE00447755 /* Debug */ = {
			isa = XCBuildConfiguration;
			buildSettings = {
				ALWAYS_SEARCH_USER_PATHS = NO;
				CLANG_ANALYZER_NONNULL = YES;
				CLANG_ANALYZER_NUMBER_OBJECT_CONVERSION = YES_AGGRESSIVE;
				CLANG_CXX_LANGUAGE_STANDARD = "gnu++14";
				CLANG_CXX_LIBRARY = "libc++";
				CLANG_ENABLE_MODULES = YES;
				CLANG_ENABLE_OBJC_ARC = YES;
				CLANG_ENABLE_OBJC_WEAK = YES;
				CLANG_WARN_BLOCK_CAPTURE_AUTORELEASING = YES;
				CLANG_WARN_BOOL_CONVERSION = YES;
				CLANG_WARN_COMMA = YES;
				CLANG_WARN_CONSTANT_CONVERSION = YES;
				CLANG_WARN_DEPRECATED_OBJC_IMPLEMENTATIONS = YES;
				CLANG_WARN_DIRECT_OBJC_ISA_USAGE = YES_ERROR;
				CLANG_WARN_DOCUMENTATION_COMMENTS = YES;
				CLANG_WARN_EMPTY_BODY = YES;
				CLANG_WARN_ENUM_CONVERSION = YES;
				CLANG_WARN_INFINITE_RECURSION = YES;
				CLANG_WARN_INT_CONVERSION = YES;
				CLANG_WARN_NON_LITERAL_NULL_CONVERSION = YES;
				CLANG_WARN_OBJC_IMPLICIT_RETAIN_SELF = YES;
				CLANG_WARN_OBJC_LITERAL_CONVERSION = YES;
				CLANG_WARN_OBJC_ROOT_CLASS = YES_ERROR;
				CLANG_WARN_QUOTED_INCLUDE_IN_FRAMEWORK_HEADER = YES;
				CLANG_WARN_RANGE_LOOP_ANALYSIS = YES;
				CLANG_WARN_STRICT_PROTOTYPES = YES;
				CLANG_WARN_SUSPICIOUS_MOVE = YES;
				CLANG_WARN_UNGUARDED_AVAILABILITY = YES_AGGRESSIVE;
				CLANG_WARN_UNREACHABLE_CODE = YES;
				CLANG_WARN__DUPLICATE_METHOD_MATCH = YES;
				COPY_PHASE_STRIP = NO;
				DEBUG_INFORMATION_FORMAT = dwarf;
				ENABLE_STRICT_OBJC_MSGSEND = YES;
				ENABLE_TESTABILITY = YES;
				GCC_C_LANGUAGE_STANDARD = gnu11;
				GCC_DYNAMIC_NO_PIC = NO;
				GCC_NO_COMMON_BLOCKS = YES;
				GCC_OPTIMIZATION_LEVEL = 0;
				GCC_PREPROCESSOR_DEFINITIONS = (
					"DEBUG=1",
					"$(inherited)",
				);
				GCC_WARN_64_TO_32_BIT_CONVERSION = YES;
				GCC_WARN_ABOUT_RETURN_TYPE = YES_ERROR;
				GCC_WARN_UNDECLARED_SELECTOR = YES;
				GCC_WARN_UNINITIALIZED_AUTOS = YES_AGGRESSIVE;
				GCC_WARN_UNUSED_FUNCTION = YES;
				GCC_WARN_UNUSED_VARIABLE = YES;
				MTL_ENABLE_DEBUG_INFO = INCLUDE_SOURCE;
				MTL_FAST_MATH = YES;
				ONLY_ACTIVE_ARCH = YES;
				SWIFT_ACTIVE_COMPILATION_CONDITIONS = DEBUG;
				SWIFT_OPTIMIZATION_LEVEL = "-Onone";
			};
			name = Debug;
		};
		5446C257268051BE00447755 /* Release */ = {
			isa = XCBuildConfiguration;
			buildSettings = {
				ALWAYS_SEARCH_USER_PATHS = NO;
				CLANG_ANALYZER_NONNULL = YES;
				CLANG_ANALYZER_NUMBER_OBJECT_CONVERSION = YES_AGGRESSIVE;
				CLANG_CXX_LANGUAGE_STANDARD = "gnu++14";
				CLANG_CXX_LIBRARY = "libc++";
				CLANG_ENABLE_MODULES = YES;
				CLANG_ENABLE_OBJC_ARC = YES;
				CLANG_ENABLE_OBJC_WEAK = YES;
				CLANG_WARN_BLOCK_CAPTURE_AUTORELEASING = YES;
				CLANG_WARN_BOOL_CONVERSION = YES;
				CLANG_WARN_COMMA = YES;
				CLANG_WARN_CONSTANT_CONVERSION = YES;
				CLANG_WARN_DEPRECATED_OBJC_IMPLEMENTATIONS = YES;
				CLANG_WARN_DIRECT_OBJC_ISA_USAGE = YES_ERROR;
				CLANG_WARN_DOCUMENTATION_COMMENTS = YES;
				CLANG_WARN_EMPTY_BODY = YES;
				CLANG_WARN_ENUM_CONVERSION = YES;
				CLANG_WARN_INFINITE_RECURSION = YES;
				CLANG_WARN_INT_CONVERSION = YES;
				CLANG_WARN_NON_LITERAL_NULL_CONVERSION = YES;
				CLANG_WARN_OBJC_IMPLICIT_RETAIN_SELF = YES;
				CLANG_WARN_OBJC_LITERAL_CONVERSION = YES;
				CLANG_WARN_OBJC_ROOT_CLASS = YES_ERROR;
				CLANG_WARN_QUOTED_INCLUDE_IN_FRAMEWORK_HEADER = YES;
				CLANG_WARN_RANGE_LOOP_ANALYSIS = YES;
				CLANG_WARN_STRICT_PROTOTYPES = YES;
				CLANG_WARN_SUSPICIOUS_MOVE = YES;
				CLANG_WARN_UNGUARDED_AVAILABILITY = YES_AGGRESSIVE;
				CLANG_WARN_UNREACHABLE_CODE = YES;
				CLANG_WARN__DUPLICATE_METHOD_MATCH = YES;
				COPY_PHASE_STRIP = NO;
				DEBUG_INFORMATION_FORMAT = "dwarf-with-dsym";
				ENABLE_NS_ASSERTIONS = NO;
				ENABLE_STRICT_OBJC_MSGSEND = YES;
				GCC_C_LANGUAGE_STANDARD = gnu11;
				GCC_NO_COMMON_BLOCKS = YES;
				GCC_WARN_64_TO_32_BIT_CONVERSION = YES;
				GCC_WARN_ABOUT_RETURN_TYPE = YES_ERROR;
				GCC_WARN_UNDECLARED_SELECTOR = YES;
				GCC_WARN_UNINITIALIZED_AUTOS = YES_AGGRESSIVE;
				GCC_WARN_UNUSED_FUNCTION = YES;
				GCC_WARN_UNUSED_VARIABLE = YES;
				MTL_ENABLE_DEBUG_INFO = NO;
				MTL_FAST_MATH = YES;
				SWIFT_COMPILATION_MODE = wholemodule;
				SWIFT_OPTIMIZATION_LEVEL = "-O";
			};
			name = Release;
		};
		5446C259268051BE00447755 /* Debug */ = {
			isa = XCBuildConfiguration;
			buildSettings = {
				ASSETCATALOG_COMPILER_APPICON_NAME = AppIcon;
				ASSETCATALOG_COMPILER_GLOBAL_ACCENT_COLOR_NAME = AccentColor;
				CODE_SIGN_STYLE = Automatic;
				DEVELOPMENT_ASSET_PATHS = "";
				DEVELOPMENT_TEAM = S734BRS4XM;
				ENABLE_PREVIEWS = YES;
				INFOPLIST_FILE = iOS/Info.plist;
				IPHONEOS_DEPLOYMENT_TARGET = 14.0;
				LD_RUNPATH_SEARCH_PATHS = (
					"$(inherited)",
					"@executable_path/Frameworks",
				);
				PRODUCT_BUNDLE_IDENTIFIER = com.flat.library.swift.FlatLibApp;
				PRODUCT_NAME = FlatLibApp;
				SDKROOT = iphoneos;
				SWIFT_VERSION = 5.0;
				TARGETED_DEVICE_FAMILY = "1,2";
			};
			name = Debug;
		};
		5446C25A268051BE00447755 /* Release */ = {
			isa = XCBuildConfiguration;
			buildSettings = {
				ASSETCATALOG_COMPILER_APPICON_NAME = AppIcon;
				ASSETCATALOG_COMPILER_GLOBAL_ACCENT_COLOR_NAME = AccentColor;
				CODE_SIGN_STYLE = Automatic;
				DEVELOPMENT_ASSET_PATHS = "";
				DEVELOPMENT_TEAM = S734BRS4XM;
				ENABLE_PREVIEWS = YES;
				INFOPLIST_FILE = iOS/Info.plist;
				IPHONEOS_DEPLOYMENT_TARGET = 14.0;
				LD_RUNPATH_SEARCH_PATHS = (
					"$(inherited)",
					"@executable_path/Frameworks",
				);
				PRODUCT_BUNDLE_IDENTIFIER = com.flat.library.swift.FlatLibApp;
				PRODUCT_NAME = FlatLibApp;
				SDKROOT = iphoneos;
				SWIFT_VERSION = 5.0;
				TARGETED_DEVICE_FAMILY = "1,2";
				VALIDATE_PRODUCT = YES;
			};
			name = Release;
		};
		5446C25C268051BE00447755 /* Debug */ = {
			isa = XCBuildConfiguration;
			buildSettings = {
				ASSETCATALOG_COMPILER_APPICON_NAME = AppIcon;
				ASSETCATALOG_COMPILER_GLOBAL_ACCENT_COLOR_NAME = AccentColor;
				CODE_SIGN_ENTITLEMENTS = macOS/macOS.entitlements;
				CODE_SIGN_STYLE = Automatic;
				COMBINE_HIDPI_IMAGES = YES;
				DEVELOPMENT_TEAM = S734BRS4XM;
				ENABLE_HARDENED_RUNTIME = YES;
				ENABLE_PREVIEWS = YES;
				INFOPLIST_FILE = macOS/Info.plist;
				LD_RUNPATH_SEARCH_PATHS = (
					"$(inherited)",
					"@executable_path/../Frameworks",
				);
				MACOSX_DEPLOYMENT_TARGET = 11.0;
				PRODUCT_BUNDLE_IDENTIFIER = com.flat.library.swift.FlatLibApp;
				PRODUCT_NAME = FlatLibApp;
				SDKROOT = macosx;
				SWIFT_VERSION = 5.0;
			};
			name = Debug;
		};
		5446C25D268051BE00447755 /* Release */ = {
			isa = XCBuildConfiguration;
			buildSettings = {
				ASSETCATALOG_COMPILER_APPICON_NAME = AppIcon;
				ASSETCATALOG_COMPILER_GLOBAL_ACCENT_COLOR_NAME = AccentColor;
				CODE_SIGN_ENTITLEMENTS = macOS/macOS.entitlements;
				CODE_SIGN_STYLE = Automatic;
				COMBINE_HIDPI_IMAGES = YES;
				DEVELOPMENT_TEAM = S734BRS4XM;
				ENABLE_HARDENED_RUNTIME = YES;
				ENABLE_PREVIEWS = YES;
				INFOPLIST_FILE = macOS/Info.plist;
				LD_RUNPATH_SEARCH_PATHS = (
					"$(inherited)",
					"@executable_path/../Frameworks",
				);
				MACOSX_DEPLOYMENT_TARGET = 11.0;
				PRODUCT_BUNDLE_IDENTIFIER = com.flat.library.swift.FlatLibApp;
				PRODUCT_NAME = FlatLibApp;
				SDKROOT = macosx;
				SWIFT_VERSION = 5.0;
			};
			name = Release;
		};
/* End XCBuildConfiguration section */

/* Begin XCConfigurationList section */
		5446C23B268051BD00447755 /* Build configuration list for PBXProject "FlatLibApp" */ = {
			isa = XCConfigurationList;
			buildConfigurations = (
				5446C256268051BE00447755 /* Debug */,
				5446C257268051BE00447755 /* Release */,
			);
			defaultConfigurationIsVisible = 0;
			defaultConfigurationName = Release;
		};
		5446C258268051BE00447755 /* Build configuration list for PBXNativeTarget "FlatLibApp (iOS)" */ = {
			isa = XCConfigurationList;
			buildConfigurations = (
				5446C259268051BE00447755 /* Debug */,
				5446C25A268051BE00447755 /* Release */,
			);
			defaultConfigurationIsVisible = 0;
			defaultConfigurationName = Release;
		};
		5446C25B268051BE00447755 /* Build configuration list for PBXNativeTarget "FlatLibApp (macOS)" */ = {
			isa = XCConfigurationList;
			buildConfigurations = (
				5446C25C268051BE00447755 /* Debug */,
				5446C25D268051BE00447755 /* Release */,
			);
			defaultConfigurationIsVisible = 0;
			defaultConfigurationName = Release;
		};
/* End XCConfigurationList section */

/* Begin XCSwiftPackageProductDependency section */
		5446C263268052F900447755 /* FlatLibClient */ = {
			isa = XCSwiftPackageProductDependency;
			productName = FlatLibClient;
		};
		5446C265268053DC00447755 /* FlatLibClient */ = {
			isa = XCSwiftPackageProductDependency;
			productName = FlatLibClient;
		};
/* End XCSwiftPackageProductDependency section */
	};
	rootObject = 5446C238268051BD00447755 /* Project object */;
}
